
Microsoft Visual Studio Solution File, Format Version 12.00
# Visual Studio Version 16
VisualStudioVersion = 16.0.31129.286
MinimumVisualStudioVersion = 10.0.40219.1
Project("{9A19103F-16F7-4668-BE54-9A1E7A4F7556}") = "Demo.PresentationLayer", "Demo.PresentationLayer\Demo.PresentationLayer.csproj", "{4EDF5F70-92AA-4182-B2E9-296233B26E12}"
EndProject
Project("{9A19103F-16F7-4668-BE54-9A1E7A4F7556}") = "Demo.UILayer.ConsoleApp", "Demo.UILayer.ConsoleApp\Demo.UILayer.ConsoleApp.csproj", "{4D073D9D-7B3F-4143-872A-BB7F42827F71}"
EndProject
Project("{FAE04EC0-301F-11D3-BF4B-00C04F79EFBC}") = "Demo.UILayer.WinForms.MDI", "Demo.UILayer.WinForms.MDI\Demo.UILayer.WinForms.MDI.csproj", "{64A11C5C-110F-42FA-9B8C-C9679D6A940F}"
EndProject
Project("{FAE04EC0-301F-11D3-BF4B-00C04F79EFBC}") = "Demo.UILayer.WinForms.SDI", "Demo.UILayer.WinForms.SDI\Demo.UILayer.WinForms.SDI.csproj", "{F535EFC4-D8BB-4DFE-BBB3-BD421CD9B891}"
EndProject
Project("{FAE04EC0-301F-11D3-BF4B-00C04F79EFBC}") = "Demo.UILayer.WPF.SDI", "Demo.UILayer.WPF.SDI\Demo.UILayer.WPF.SDI.csproj", "{5D0C832B-6A5F-4F5F-84A2-ABC55D4C268A}"
EndProject
Project("{FAE04EC0-301F-11D3-BF4B-00C04F79EFBC}") = "Demo.UILayer.WinForms.TDI", "Demo.UILayer.WinForms.TDI\Demo.UILayer.WinForms.TDI.csproj", "{52B02ADE-EF03-4950-B3EC-5E850AFF838E}"
EndProject
Global
	GlobalSection(SolutionConfigurationPlatforms) = preSolution
		Debug|Any CPU = Debug|Any CPU
		Debug|ARM = Debug|ARM
		Debug|ARM64 = Debug|ARM64
		Debug|iPhone = Debug|iPhone
		Debug|iPhoneSimulator = Debug|iPhoneSimulator
		Debug|x64 = Debug|x64
		Debug|x86 = Debug|x86
		Release|Any CPU = Release|Any CPU
		Release|ARM = Release|ARM
		Release|ARM64 = Release|ARM64
		Release|iPhone = Release|iPhone
		Release|iPhoneSimulator = Release|iPhoneSimulator
		Release|x64 = Release|x64
		Release|x86 = Release|x86
	EndGlobalSection
	GlobalSection(ProjectConfigurationPlatforms) = postSolution
		{4EDF5F70-92AA-4182-B2E9-296233B26E12}.Debug|Any CPU.ActiveCfg = Debug|Any CPU
		{4EDF5F70-92AA-4182-B2E9-296233B26E12}.Debug|Any CPU.Build.0 = Debug|Any CPU
		{4EDF5F70-92AA-4182-B2E9-296233B26E12}.Debug|ARM.ActiveCfg = Debug|Any CPU
		{4EDF5F70-92AA-4182-B2E9-296233B26E12}.Debug|ARM.Build.0 = Debug|Any CPU
		{4EDF5F70-92AA-4182-B2E9-296233B26E12}.Debug|ARM64.ActiveCfg = Debug|Any CPU
		{4EDF5F70-92AA-4182-B2E9-296233B26E12}.Debug|ARM64.Build.0 = Debug|Any CPU
		{4EDF5F70-92AA-4182-B2E9-296233B26E12}.Debug|iPhone.ActiveCfg = Debug|Any CPU
		{4EDF5F70-92AA-4182-B2E9-296233B26E12}.Debug|iPhone.Build.0 = Debug|Any CPU
		{4EDF5F70-92AA-4182-B2E9-296233B26E12}.Debug|iPhoneSimulator.ActiveCfg = Debug|Any CPU
		{4EDF5F70-92AA-4182-B2E9-296233B26E12}.Debug|iPhoneSimulator.Build.0 = Debug|Any CPU
		{4EDF5F70-92AA-4182-B2E9-296233B26E12}.Debug|x64.ActiveCfg = Debug|Any CPU
		{4EDF5F70-92AA-4182-B2E9-296233B26E12}.Debug|x64.Build.0 = Debug|Any CPU
		{4EDF5F70-92AA-4182-B2E9-296233B26E12}.Debug|x86.ActiveCfg = Debug|Any CPU
		{4EDF5F70-92AA-4182-B2E9-296233B26E12}.Debug|x86.Build.0 = Debug|Any CPU
		{4EDF5F70-92AA-4182-B2E9-296233B26E12}.Release|Any CPU.ActiveCfg = Release|Any CPU
		{4EDF5F70-92AA-4182-B2E9-296233B26E12}.Release|Any CPU.Build.0 = Release|Any CPU
		{4EDF5F70-92AA-4182-B2E9-296233B26E12}.Release|ARM.ActiveCfg = Release|Any CPU
		{4EDF5F70-92AA-4182-B2E9-296233B26E12}.Release|ARM.Build.0 = Release|Any CPU
		{4EDF5F70-92AA-4182-B2E9-296233B26E12}.Release|ARM64.ActiveCfg = Release|Any CPU
		{4EDF5F70-92AA-4182-B2E9-296233B26E12}.Release|ARM64.Build.0 = Release|Any CPU
		{4EDF5F70-92AA-4182-B2E9-296233B26E12}.Release|iPhone.ActiveCfg = Release|Any CPU
		{4EDF5F70-92AA-4182-B2E9-296233B26E12}.Release|iPhone.Build.0 = Release|Any CPU
		{4EDF5F70-92AA-4182-B2E9-296233B26E12}.Release|iPhoneSimulator.ActiveCfg = Release|Any CPU
		{4EDF5F70-92AA-4182-B2E9-296233B26E12}.Release|iPhoneSimulator.Build.0 = Release|Any CPU
		{4EDF5F70-92AA-4182-B2E9-296233B26E12}.Release|x64.ActiveCfg = Release|Any CPU
		{4EDF5F70-92AA-4182-B2E9-296233B26E12}.Release|x64.Build.0 = Release|Any CPU
		{4EDF5F70-92AA-4182-B2E9-296233B26E12}.Release|x86.ActiveCfg = Release|Any CPU
		{4EDF5F70-92AA-4182-B2E9-296233B26E12}.Release|x86.Build.0 = Release|Any CPU
		{4D073D9D-7B3F-4143-872A-BB7F42827F71}.Debug|Any CPU.ActiveCfg = Debug|Any CPU
		{4D073D9D-7B3F-4143-872A-BB7F42827F71}.Debug|Any CPU.Build.0 = Debug|Any CPU
		{4D073D9D-7B3F-4143-872A-BB7F42827F71}.Debug|ARM.ActiveCfg = Debug|Any CPU
		{4D073D9D-7B3F-4143-872A-BB7F42827F71}.Debug|ARM.Build.0 = Debug|Any CPU
		{4D073D9D-7B3F-4143-872A-BB7F42827F71}.Debug|ARM64.ActiveCfg = Debug|Any CPU
		{4D073D9D-7B3F-4143-872A-BB7F42827F71}.Debug|ARM64.Build.0 = Debug|Any CPU
		{4D073D9D-7B3F-4143-872A-BB7F42827F71}.Debug|iPhone.ActiveCfg = Debug|Any CPU
		{4D073D9D-7B3F-4143-872A-BB7F42827F71}.Debug|iPhone.Build.0 = Debug|Any CPU
		{4D073D9D-7B3F-4143-872A-BB7F42827F71}.Debug|iPhoneSimulator.ActiveCfg = Debug|Any CPU
		{4D073D9D-7B3F-4143-872A-BB7F42827F71}.Debug|iPhoneSimulator.Build.0 = Debug|Any CPU
		{4D073D9D-7B3F-4143-872A-BB7F42827F71}.Debug|x64.ActiveCfg = Debug|Any CPU
		{4D073D9D-7B3F-4143-872A-BB7F42827F71}.Debug|x64.Build.0 = Debug|Any CPU
		{4D073D9D-7B3F-4143-872A-BB7F42827F71}.Debug|x86.ActiveCfg = Debug|Any CPU
		{4D073D9D-7B3F-4143-872A-BB7F42827F71}.Debug|x86.Build.0 = Debug|Any CPU
		{4D073D9D-7B3F-4143-872A-BB7F42827F71}.Release|Any CPU.ActiveCfg = Release|Any CPU
		{4D073D9D-7B3F-4143-872A-BB7F42827F71}.Release|Any CPU.Build.0 = Release|Any CPU
		{4D073D9D-7B3F-4143-872A-BB7F42827F71}.Release|ARM.ActiveCfg = Release|Any CPU
		{4D073D9D-7B3F-4143-872A-BB7F42827F71}.Release|ARM.Build.0 = Release|Any CPU
		{4D073D9D-7B3F-4143-872A-BB7F42827F71}.Release|ARM64.ActiveCfg = Release|Any CPU
		{4D073D9D-7B3F-4143-872A-BB7F42827F71}.Release|ARM64.Build.0 = Release|Any CPU
		{4D073D9D-7B3F-4143-872A-BB7F42827F71}.Release|iPhone.ActiveCfg = Release|Any CPU
		{4D073D9D-7B3F-4143-872A-BB7F42827F71}.Release|iPhone.Build.0 = Release|Any CPU
		{4D073D9D-7B3F-4143-872A-BB7F42827F71}.Release|iPhoneSimulator.ActiveCfg = Release|Any CPU
		{4D073D9D-7B3F-4143-872A-BB7F42827F71}.Release|iPhoneSimulator.Build.0 = Release|Any CPU
		{4D073D9D-7B3F-4143-872A-BB7F42827F71}.Release|x64.ActiveCfg = Release|Any CPU
		{4D073D9D-7B3F-4143-872A-BB7F42827F71}.Release|x64.Build.0 = Release|Any CPU
		{4D073D9D-7B3F-4143-872A-BB7F42827F71}.Release|x86.ActiveCfg = Release|Any CPU
		{4D073D9D-7B3F-4143-872A-BB7F42827F71}.Release|x86.Build.0 = Release|Any CPU
		{64A11C5C-110F-42FA-9B8C-C9679D6A940F}.Debug|Any CPU.ActiveCfg = Debug|Any CPU
		{64A11C5C-110F-42FA-9B8C-C9679D6A940F}.Debug|Any CPU.Build.0 = Debug|Any CPU
		{64A11C5C-110F-42FA-9B8C-C9679D6A940F}.Debug|ARM.ActiveCfg = Debug|Any CPU
		{64A11C5C-110F-42FA-9B8C-C9679D6A940F}.Debug|ARM.Build.0 = Debug|Any CPU
		{64A11C5C-110F-42FA-9B8C-C9679D6A940F}.Debug|ARM64.ActiveCfg = Debug|Any CPU
		{64A11C5C-110F-42FA-9B8C-C9679D6A940F}.Debug|ARM64.Build.0 = Debug|Any CPU
		{64A11C5C-110F-42FA-9B8C-C9679D6A940F}.Debug|iPhone.ActiveCfg = Debug|Any CPU
		{64A11C5C-110F-42FA-9B8C-C9679D6A940F}.Debug|iPhone.Build.0 = Debug|Any CPU
		{64A11C5C-110F-42FA-9B8C-C9679D6A940F}.Debug|iPhoneSimulator.ActiveCfg = Debug|Any CPU
		{64A11C5C-110F-42FA-9B8C-C9679D6A940F}.Debug|iPhoneSimulator.Build.0 = Debug|Any CPU
		{64A11C5C-110F-42FA-9B8C-C9679D6A940F}.Debug|x64.ActiveCfg = Debug|Any CPU
		{64A11C5C-110F-42FA-9B8C-C9679D6A940F}.Debug|x64.Build.0 = Debug|Any CPU
		{64A11C5C-110F-42FA-9B8C-C9679D6A940F}.Debug|x86.ActiveCfg = Debug|Any CPU
		{64A11C5C-110F-42FA-9B8C-C9679D6A940F}.Debug|x86.Build.0 = Debug|Any CPU
		{64A11C5C-110F-42FA-9B8C-C9679D6A940F}.Release|Any CPU.ActiveCfg = Release|Any CPU
		{64A11C5C-110F-42FA-9B8C-C9679D6A940F}.Release|Any CPU.Build.0 = Release|Any CPU
		{64A11C5C-110F-42FA-9B8C-C9679D6A940F}.Release|ARM.ActiveCfg = Release|Any CPU
		{64A11C5C-110F-42FA-9B8C-C9679D6A940F}.Release|ARM.Build.0 = Release|Any CPU
		{64A11C5C-110F-42FA-9B8C-C9679D6A940F}.Release|ARM64.ActiveCfg = Release|Any CPU
		{64A11C5C-110F-42FA-9B8C-C9679D6A940F}.Release|ARM64.Build.0 = Release|Any CPU
		{64A11C5C-110F-42FA-9B8C-C9679D6A940F}.Release|iPhone.ActiveCfg = Release|Any CPU
		{64A11C5C-110F-42FA-9B8C-C9679D6A940F}.Release|iPhone.Build.0 = Release|Any CPU
		{64A11C5C-110F-42FA-9B8C-C9679D6A940F}.Release|iPhoneSimulator.ActiveCfg = Release|Any CPU
		{64A11C5C-110F-42FA-9B8C-C9679D6A940F}.Release|iPhoneSimulator.Build.0 = Release|Any CPU
		{64A11C5C-110F-42FA-9B8C-C9679D6A940F}.Release|x64.ActiveCfg = Release|Any CPU
		{64A11C5C-110F-42FA-9B8C-C9679D6A940F}.Release|x64.Build.0 = Release|Any CPU
		{64A11C5C-110F-42FA-9B8C-C9679D6A940F}.Release|x86.ActiveCfg = Release|Any CPU
		{64A11C5C-110F-42FA-9B8C-C9679D6A940F}.Release|x86.Build.0 = Release|Any CPU
		{F535EFC4-D8BB-4DFE-BBB3-BD421CD9B891}.Debug|Any CPU.ActiveCfg = Debug|Any CPU
		{F535EFC4-D8BB-4DFE-BBB3-BD421CD9B891}.Debug|Any CPU.Build.0 = Debug|Any CPU
		{F535EFC4-D8BB-4DFE-BBB3-BD421CD9B891}.Debug|ARM.ActiveCfg = Debug|Any CPU
		{F535EFC4-D8BB-4DFE-BBB3-BD421CD9B891}.Debug|ARM.Build.0 = Debug|Any CPU
		{F535EFC4-D8BB-4DFE-BBB3-BD421CD9B891}.Debug|ARM64.ActiveCfg = Debug|Any CPU
		{F535EFC4-D8BB-4DFE-BBB3-BD421CD9B891}.Debug|ARM64.Build.0 = Debug|Any CPU
		{F535EFC4-D8BB-4DFE-BBB3-BD421CD9B891}.Debug|iPhone.ActiveCfg = Debug|Any CPU
		{F535EFC4-D8BB-4DFE-BBB3-BD421CD9B891}.Debug|iPhone.Build.0 = Debug|Any CPU
		{F535EFC4-D8BB-4DFE-BBB3-BD421CD9B891}.Debug|iPhoneSimulator.ActiveCfg = Debug|Any CPU
		{F535EFC4-D8BB-4DFE-BBB3-BD421CD9B891}.Debug|iPhoneSimulator.Build.0 = Debug|Any CPU
		{F535EFC4-D8BB-4DFE-BBB3-BD421CD9B891}.Debug|x64.ActiveCfg = Debug|Any CPU
		{F535EFC4-D8BB-4DFE-BBB3-BD421CD9B891}.Debug|x64.Build.0 = Debug|Any CPU
		{F535EFC4-D8BB-4DFE-BBB3-BD421CD9B891}.Debug|x86.ActiveCfg = Debug|Any CPU
		{F535EFC4-D8BB-4DFE-BBB3-BD421CD9B891}.Debug|x86.Build.0 = Debug|Any CPU
		{F535EFC4-D8BB-4DFE-BBB3-BD421CD9B891}.Release|Any CPU.ActiveCfg = Release|Any CPU
		{F535EFC4-D8BB-4DFE-BBB3-BD421CD9B891}.Release|Any CPU.Build.0 = Release|Any CPU
		{F535EFC4-D8BB-4DFE-BBB3-BD421CD9B891}.Release|ARM.ActiveCfg = Release|Any CPU
		{F535EFC4-D8BB-4DFE-BBB3-BD421CD9B891}.Release|ARM.Build.0 = Release|Any CPU
		{F535EFC4-D8BB-4DFE-BBB3-BD421CD9B891}.Release|ARM64.ActiveCfg = Release|Any CPU
		{F535EFC4-D8BB-4DFE-BBB3-BD421CD9B891}.Release|ARM64.Build.0 = Release|Any CPU
		{F535EFC4-D8BB-4DFE-BBB3-BD421CD9B891}.Release|iPhone.ActiveCfg = Release|Any CPU
		{F535EFC4-D8BB-4DFE-BBB3-BD421CD9B891}.Release|iPhone.Build.0 = Release|Any CPU
		{F535EFC4-D8BB-4DFE-BBB3-BD421CD9B891}.Release|iPhoneSimulator.ActiveCfg = Release|Any CPU
		{F535EFC4-D8BB-4DFE-BBB3-BD421CD9B891}.Release|iPhoneSimulator.Build.0 = Release|Any CPU
		{F535EFC4-D8BB-4DFE-BBB3-BD421CD9B891}.Release|x64.ActiveCfg = Release|Any CPU
		{F535EFC4-D8BB-4DFE-BBB3-BD421CD9B891}.Release|x64.Build.0 = Release|Any CPU
		{F535EFC4-D8BB-4DFE-BBB3-BD421CD9B891}.Release|x86.ActiveCfg = Release|Any CPU
		{F535EFC4-D8BB-4DFE-BBB3-BD421CD9B891}.Release|x86.Build.0 = Release|Any CPU
		{5D0C832B-6A5F-4F5F-84A2-ABC55D4C268A}.Debug|Any CPU.ActiveCfg = Debug|Any CPU
		{5D0C832B-6A5F-4F5F-84A2-ABC55D4C268A}.Debug|Any CPU.Build.0 = Debug|Any CPU
		{5D0C832B-6A5F-4F5F-84A2-ABC55D4C268A}.Debug|ARM.ActiveCfg = Debug|Any CPU
		{5D0C832B-6A5F-4F5F-84A2-ABC55D4C268A}.Debug|ARM.Build.0 = Debug|Any CPU
		{5D0C832B-6A5F-4F5F-84A2-ABC55D4C268A}.Debug|ARM64.ActiveCfg = Debug|Any CPU
		{5D0C832B-6A5F-4F5F-84A2-ABC55D4C268A}.Debug|ARM64.Build.0 = Debug|Any CPU
		{5D0C832B-6A5F-4F5F-84A2-ABC55D4C268A}.Debug|iPhone.ActiveCfg = Debug|Any CPU
		{5D0C832B-6A5F-4F5F-84A2-ABC55D4C268A}.Debug|iPhone.Build.0 = Debug|Any CPU
		{5D0C832B-6A5F-4F5F-84A2-ABC55D4C268A}.Debug|iPhoneSimulator.ActiveCfg = Debug|Any CPU
		{5D0C832B-6A5F-4F5F-84A2-ABC55D4C268A}.Debug|iPhoneSimulator.Build.0 = Debug|Any CPU
		{5D0C832B-6A5F-4F5F-84A2-ABC55D4C268A}.Debug|x64.ActiveCfg = Debug|Any CPU
		{5D0C832B-6A5F-4F5F-84A2-ABC55D4C268A}.Debug|x64.Build.0 = Debug|Any CPU
		{5D0C832B-6A5F-4F5F-84A2-ABC55D4C268A}.Debug|x86.ActiveCfg = Debug|Any CPU
		{5D0C832B-6A5F-4F5F-84A2-ABC55D4C268A}.Debug|x86.Build.0 = Debug|Any CPU
		{5D0C832B-6A5F-4F5F-84A2-ABC55D4C268A}.Release|Any CPU.ActiveCfg = Release|Any CPU
		{5D0C832B-6A5F-4F5F-84A2-ABC55D4C268A}.Release|Any CPU.Build.0 = Release|Any CPU
		{5D0C832B-6A5F-4F5F-84A2-ABC55D4C268A}.Release|ARM.ActiveCfg = Release|Any CPU
		{5D0C832B-6A5F-4F5F-84A2-ABC55D4C268A}.Release|ARM.Build.0 = Release|Any CPU
		{5D0C832B-6A5F-4F5F-84A2-ABC55D4C268A}.Release|ARM64.ActiveCfg = Release|Any CPU
		{5D0C832B-6A5F-4F5F-84A2-ABC55D4C268A}.Release|ARM64.Build.0 = Release|Any CPU
		{5D0C832B-6A5F-4F5F-84A2-ABC55D4C268A}.Release|iPhone.ActiveCfg = Release|Any CPU
		{5D0C832B-6A5F-4F5F-84A2-ABC55D4C268A}.Release|iPhone.Build.0 = Release|Any CPU
		{5D0C832B-6A5F-4F5F-84A2-ABC55D4C268A}.Release|iPhoneSimulator.ActiveCfg = Release|Any CPU
		{5D0C832B-6A5F-4F5F-84A2-ABC55D4C268A}.Release|iPhoneSimulator.Build.0 = Release|Any CPU
		{5D0C832B-6A5F-4F5F-84A2-ABC55D4C268A}.Release|x64.ActiveCfg = Release|Any CPU
		{5D0C832B-6A5F-4F5F-84A2-ABC55D4C268A}.Release|x64.Build.0 = Release|Any CPU
		{5D0C832B-6A5F-4F5F-84A2-ABC55D4C268A}.Release|x86.ActiveCfg = Release|Any CPU
		{5D0C832B-6A5F-4F5F-84A2-ABC55D4C268A}.Release|x86.Build.0 = Release|Any CPU
		{52B02ADE-EF03-4950-B3EC-5E850AFF838E}.Debug|Any CPU.ActiveCfg = Debug|Any CPU
		{52B02ADE-EF03-4950-B3EC-5E850AFF838E}.Debug|Any CPU.Build.0 = Debug|Any CPU
		{52B02ADE-EF03-4950-B3EC-5E850AFF838E}.Debug|ARM.ActiveCfg = Debug|Any CPU
		{52B02ADE-EF03-4950-B3EC-5E850AFF838E}.Debug|ARM.Build.0 = Debug|Any CPU
		{52B02ADE-EF03-4950-B3EC-5E850AFF838E}.Debug|ARM64.ActiveCfg = Debug|Any CPU
		{52B02ADE-EF03-4950-B3EC-5E850AFF838E}.Debug|ARM64.Build.0 = Debug|Any CPU
		{52B02ADE-EF03-4950-B3EC-5E850AFF838E}.Debug|iPhone.ActiveCfg = Debug|Any CPU
		{52B02ADE-EF03-4950-B3EC-5E850AFF838E}.Debug|iPhone.Build.0 = Debug|Any CPU
		{52B02ADE-EF03-4950-B3EC-5E850AFF838E}.Debug|iPhoneSimulator.ActiveCfg = Debug|Any CPU
		{52B02ADE-EF03-4950-B3EC-5E850AFF838E}.Debug|iPhoneSimulator.Build.0 = Debug|Any CPU
		{52B02ADE-EF03-4950-B3EC-5E850AFF838E}.Debug|x64.ActiveCfg = Debug|Any CPU
		{52B02ADE-EF03-4950-B3EC-5E850AFF838E}.Debug|x64.Build.0 = Debug|Any CPU
		{52B02ADE-EF03-4950-B3EC-5E850AFF838E}.Debug|x86.ActiveCfg = Debug|Any CPU
		{52B02ADE-EF03-4950-B3EC-5E850AFF838E}.Debug|x86.Build.0 = Debug|Any CPU
		{52B02ADE-EF03-4950-B3EC-5E850AFF838E}.Release|Any CPU.ActiveCfg = Release|Any CPU
		{52B02ADE-EF03-4950-B3EC-5E850AFF838E}.Release|Any CPU.Build.0 = Release|Any CPU
		{52B02ADE-EF03-4950-B3EC-5E850AFF838E}.Release|ARM.ActiveCfg = Release|Any CPU
		{52B02ADE-EF03-4950-B3EC-5E850AFF838E}.Release|ARM.Build.0 = Release|Any CPU
		{52B02ADE-EF03-4950-B3EC-5E850AFF838E}.Release|ARM64.ActiveCfg = Release|Any CPU
		{52B02ADE-EF03-4950-B3EC-5E850AFF838E}.Release|ARM64.Build.0 = Release|Any CPU
		{52B02ADE-EF03-4950-B3EC-5E850AFF838E}.Release|iPhone.ActiveCfg = Release|Any CPU
		{52B02ADE-EF03-4950-B3EC-5E850AFF838E}.Release|iPhone.Build.0 = Release|Any CPU
		{52B02ADE-EF03-4950-B3EC-5E850AFF838E}.Release|iPhoneSimulator.ActiveCfg = Release|Any CPU
		{52B02ADE-EF03-4950-B3EC-5E850AFF838E}.Release|iPhoneSimulator.Build.0 = Release|Any CPU
		{52B02ADE-EF03-4950-B3EC-5E850AFF838E}.Release|x64.ActiveCfg = Release|Any CPU
		{52B02ADE-EF03-4950-B3EC-5E850AFF838E}.Release|x64.Build.0 = Release|Any CPU
		{52B02ADE-EF03-4950-B3EC-5E850AFF838E}.Release|x86.ActiveCfg = Release|Any CPU
		{52B02ADE-EF03-4950-B3EC-5E850AFF838E}.Release|x86.Build.0 = Release|Any CPU
	EndGlobalSection
	GlobalSection(SolutionProperties) = preSolution
		HideSolutionNode = FALSE
	EndGlobalSection
	GlobalSection(ExtensibilityGlobals) = postSolution
		SolutionGuid = {DAEBD847-3566-42D7-9590-43188C01FA37}
	EndGlobalSection
EndGlobal
